
Microsoft Visual Studio Solution File, Format Version 12.00
# Visual Studio Version 17
VisualStudioVersion = 17.7.34024.191
MinimumVisualStudioVersion = 10.0.40219.1
Project("{FAE04EC0-301F-11D3-BF4B-00C04F79EFBC}") = "WPF16KR", "WPF16KR.csproj", "{44056061-FA84-4C70-BFCF-ED841BB5F5C0}"
EndProject
Global
	GlobalSection(SolutionConfigurationPlatforms) = preSolution
		Debug|Any CPU = Debug|Any CPU
		Release|Any CPU = Release|Any CPU
	EndGlobalSection
	GlobalSection(ProjectConfigurationPlatforms) = postSolution
		{44056061-FA84-4C70-BFCF-ED841BB5F5C0}.Debug|Any CPU.ActiveCfg = Debug|Any CPU
		{44056061-FA84-4C70-BFCF-ED841BB5F5C0}.Debug|Any CPU.Build.0 = Debug|Any CPU
		{44056061-FA84-4C70-BFCF-ED841BB5F5C0}.Release|Any CPU.ActiveCfg = Release|Any CPU
		{44056061-FA84-4C70-BFCF-ED841BB5F5C0}.Release|Any CPU.Build.0 = Release|Any CPU
	EndGlobalSection
	GlobalSection(SolutionProperties) = preSolution
		HideSolutionNode = FALSE
	EndGlobalSection
	GlobalSection(ExtensibilityGlobals) = postSolution
		SolutionGuid = {F0550FA4-8F65-47D1-98C7-2E143E2DA7FD}
	EndGlobalSection
EndGlobal
